
Microsoft Visual Studio Solution File, Format Version 12.00
# Visual Studio Version 16
VisualStudioVersion = 16.0.31105.61
MinimumVisualStudioVersion = 10.0.40219.1
Project("{9A19103F-16F7-4668-BE54-9A1E7A4F7556}") = "ingredient-service", "ingredient-service\ingredient-service.csproj", "{7932E7B8-E65C-4EFB-AFD5-E9C8885B4C74}"
EndProject
Project("{FAE04EC0-301F-11D3-BF4B-00C04F79EFBC}") = "Logic", "Logic\Logic.csproj", "{0484AAC2-42EF-4380-9F77-E1E1507CCC45}"
EndProject
Project("{FAE04EC0-301F-11D3-BF4B-00C04F79EFBC}") = "Repository", "Repository\Repository.csproj", "{D33A9C8F-4075-43D8-AB7D-93E7E8F783DE}"
EndProject
Global
	GlobalSection(SolutionConfigurationPlatforms) = preSolution
		Debug|Any CPU = Debug|Any CPU
		Release|Any CPU = Release|Any CPU
	EndGlobalSection
	GlobalSection(ProjectConfigurationPlatforms) = postSolution
		{7932E7B8-E65C-4EFB-AFD5-E9C8885B4C74}.Debug|Any CPU.ActiveCfg = Debug|Any CPU
		{7932E7B8-E65C-4EFB-AFD5-E9C8885B4C74}.Debug|Any CPU.Build.0 = Debug|Any CPU
		{7932E7B8-E65C-4EFB-AFD5-E9C8885B4C74}.Release|Any CPU.ActiveCfg = Release|Any CPU
		{7932E7B8-E65C-4EFB-AFD5-E9C8885B4C74}.Release|Any CPU.Build.0 = Release|Any CPU
		{0484AAC2-42EF-4380-9F77-E1E1507CCC45}.Debug|Any CPU.ActiveCfg = Debug|Any CPU
		{0484AAC2-42EF-4380-9F77-E1E1507CCC45}.Debug|Any CPU.Build.0 = Debug|Any CPU
		{0484AAC2-42EF-4380-9F77-E1E1507CCC45}.Release|Any CPU.ActiveCfg = Release|Any CPU
		{0484AAC2-42EF-4380-9F77-E1E1507CCC45}.Release|Any CPU.Build.0 = Release|Any CPU
		{D33A9C8F-4075-43D8-AB7D-93E7E8F783DE}.Debug|Any CPU.ActiveCfg = Debug|Any CPU
		{D33A9C8F-4075-43D8-AB7D-93E7E8F783DE}.Debug|Any CPU.Build.0 = Debug|Any CPU
		{D33A9C8F-4075-43D8-AB7D-93E7E8F783DE}.Release|Any CPU.ActiveCfg = Release|Any CPU
		{D33A9C8F-4075-43D8-AB7D-93E7E8F783DE}.Release|Any CPU.Build.0 = Release|Any CPU
	EndGlobalSection
	GlobalSection(SolutionProperties) = preSolution
		HideSolutionNode = FALSE
	EndGlobalSection
	GlobalSection(ExtensibilityGlobals) = postSolution
		SolutionGuid = {FA2CBB4A-8056-46D2-AF06-775E4944F44B}
	EndGlobalSection
EndGlobal
